
Microsoft Visual Studio Solution File, Format Version 12.00
# Visual Studio 15
VisualStudioVersion = 15.0.28307.705
MinimumVisualStudioVersion = 10.0.40219.1
Project("{FAE04EC0-301F-11D3-BF4B-00C04F79EFBC}") = "ArrayRecap", "ArrayRecap\ArrayRecap.csproj", "{0FCF744C-69DB-4F23-9D12-302E969C5198}"
EndProject
Project("{FAE04EC0-301F-11D3-BF4B-00C04F79EFBC}") = "CountFrequency", "CountFrequency\CountFrequency.csproj", "{376F1D38-4B5B-4289-97A9-C7EA20D228B2}"
EndProject
Global
	GlobalSection(SolutionConfigurationPlatforms) = preSolution
		Debug|Any CPU = Debug|Any CPU
		Release|Any CPU = Release|Any CPU
	EndGlobalSection
	GlobalSection(ProjectConfigurationPlatforms) = postSolution
		{0FCF744C-69DB-4F23-9D12-302E969C5198}.Debug|Any CPU.ActiveCfg = Debug|Any CPU
		{0FCF744C-69DB-4F23-9D12-302E969C5198}.Debug|Any CPU.Build.0 = Debug|Any CPU
		{0FCF744C-69DB-4F23-9D12-302E969C5198}.Release|Any CPU.ActiveCfg = Release|Any CPU
		{0FCF744C-69DB-4F23-9D12-302E969C5198}.Release|Any CPU.Build.0 = Release|Any CPU
		{376F1D38-4B5B-4289-97A9-C7EA20D228B2}.Debug|Any CPU.ActiveCfg = Debug|Any CPU
		{376F1D38-4B5B-4289-97A9-C7EA20D228B2}.Debug|Any CPU.Build.0 = Debug|Any CPU
		{376F1D38-4B5B-4289-97A9-C7EA20D228B2}.Release|Any CPU.ActiveCfg = Release|Any CPU
		{376F1D38-4B5B-4289-97A9-C7EA20D228B2}.Release|Any CPU.Build.0 = Release|Any CPU
	EndGlobalSection
	GlobalSection(SolutionProperties) = preSolution
		HideSolutionNode = FALSE
	EndGlobalSection
	GlobalSection(ExtensibilityGlobals) = postSolution
		SolutionGuid = {A682598C-D421-4724-8E82-D60C96C1886C}
	EndGlobalSection
EndGlobal
